
Microsoft Visual Studio Solution File, Format Version 12.00
# Visual Studio Version 17
VisualStudioVersion = 17.11.35222.181
MinimumVisualStudioVersion = 10.0.40219.1
Project("{8BC9CEB8-8B4A-11D0-8D11-00A0C91BC942}") = "LB7.3re", "LB7.3re.vcxproj", "{B863BB95-3368-455D-B396-513C7921F06D}"
EndProject
Project("{8BC9CEB8-8B4A-11D0-8D11-00A0C91BC942}") = "UnitTest7.3re", "..\UnitTest7.3re\UnitTest7.3re.vcxproj", "{F49501A1-9111-45D7-8CD5-D2BF833F09D0}"
EndProject
Global
	GlobalSection(SolutionConfigurationPlatforms) = preSolution
		Debug|x64 = Debug|x64
		Debug|x86 = Debug|x86
		Release|x64 = Release|x64
		Release|x86 = Release|x86
	EndGlobalSection
	GlobalSection(ProjectConfigurationPlatforms) = postSolution
		{B863BB95-3368-455D-B396-513C7921F06D}.Debug|x64.ActiveCfg = Debug|x64
		{B863BB95-3368-455D-B396-513C7921F06D}.Debug|x64.Build.0 = Debug|x64
		{B863BB95-3368-455D-B396-513C7921F06D}.Debug|x86.ActiveCfg = Debug|Win32
		{B863BB95-3368-455D-B396-513C7921F06D}.Debug|x86.Build.0 = Debug|Win32
		{B863BB95-3368-455D-B396-513C7921F06D}.Release|x64.ActiveCfg = Release|x64
		{B863BB95-3368-455D-B396-513C7921F06D}.Release|x64.Build.0 = Release|x64
		{B863BB95-3368-455D-B396-513C7921F06D}.Release|x86.ActiveCfg = Release|Win32
		{B863BB95-3368-455D-B396-513C7921F06D}.Release|x86.Build.0 = Release|Win32
		{F49501A1-9111-45D7-8CD5-D2BF833F09D0}.Debug|x64.ActiveCfg = Debug|x64
		{F49501A1-9111-45D7-8CD5-D2BF833F09D0}.Debug|x64.Build.0 = Debug|x64
		{F49501A1-9111-45D7-8CD5-D2BF833F09D0}.Debug|x86.ActiveCfg = Debug|Win32
		{F49501A1-9111-45D7-8CD5-D2BF833F09D0}.Debug|x86.Build.0 = Debug|Win32
		{F49501A1-9111-45D7-8CD5-D2BF833F09D0}.Release|x64.ActiveCfg = Release|x64
		{F49501A1-9111-45D7-8CD5-D2BF833F09D0}.Release|x64.Build.0 = Release|x64
		{F49501A1-9111-45D7-8CD5-D2BF833F09D0}.Release|x86.ActiveCfg = Release|Win32
		{F49501A1-9111-45D7-8CD5-D2BF833F09D0}.Release|x86.Build.0 = Release|Win32
	EndGlobalSection
	GlobalSection(SolutionProperties) = preSolution
		HideSolutionNode = FALSE
	EndGlobalSection
	GlobalSection(ExtensibilityGlobals) = postSolution
		SolutionGuid = {AEEDD183-464D-4C7F-8BB4-C5CA0B4E51C9}
	EndGlobalSection
EndGlobal
